
Microsoft Visual Studio Solution File, Format Version 12.00
# Visual Studio Version 17
VisualStudioVersion = 17.0.31903.59
MinimumVisualStudioVersion = 10.0.40219.1
Project("{9A19103F-16F7-4668-BE54-9A1E7A4F7556}") = "AuditServiceWorker", "AuditServiceWorker\AuditServiceWorker.csproj", "{4258F8CB-A35D-493B-ADBF-C48A92F76087}"
EndProject
Project("{FAE04EC0-301F-11D3-BF4B-00C04F79EFBC}") = "MessageProcessingService", "MessageProcessingService\MessageProcessingService.csproj", "{0A38A815-6568-4726-85C1-BF048F1F7877}"
EndProject
Project("{FAE04EC0-301F-11D3-BF4B-00C04F79EFBC}") = "Common", "Common\Common.csproj", "{EC773E05-D1A9-4C19-8A4B-10FF09001A05}"
EndProject
Global
	GlobalSection(SolutionConfigurationPlatforms) = preSolution
		Debug|Any CPU = Debug|Any CPU
		Release|Any CPU = Release|Any CPU
	EndGlobalSection
	GlobalSection(ProjectConfigurationPlatforms) = postSolution
		{4258F8CB-A35D-493B-ADBF-C48A92F76087}.Debug|Any CPU.ActiveCfg = Debug|Any CPU
		{4258F8CB-A35D-493B-ADBF-C48A92F76087}.Debug|Any CPU.Build.0 = Debug|Any CPU
		{4258F8CB-A35D-493B-ADBF-C48A92F76087}.Release|Any CPU.ActiveCfg = Release|Any CPU
		{4258F8CB-A35D-493B-ADBF-C48A92F76087}.Release|Any CPU.Build.0 = Release|Any CPU
		{0A38A815-6568-4726-85C1-BF048F1F7877}.Debug|Any CPU.ActiveCfg = Debug|Any CPU
		{0A38A815-6568-4726-85C1-BF048F1F7877}.Debug|Any CPU.Build.0 = Debug|Any CPU
		{0A38A815-6568-4726-85C1-BF048F1F7877}.Release|Any CPU.ActiveCfg = Release|Any CPU
		{0A38A815-6568-4726-85C1-BF048F1F7877}.Release|Any CPU.Build.0 = Release|Any CPU
		{EC773E05-D1A9-4C19-8A4B-10FF09001A05}.Debug|Any CPU.ActiveCfg = Debug|Any CPU
		{EC773E05-D1A9-4C19-8A4B-10FF09001A05}.Debug|Any CPU.Build.0 = Debug|Any CPU
		{EC773E05-D1A9-4C19-8A4B-10FF09001A05}.Release|Any CPU.ActiveCfg = Release|Any CPU
		{EC773E05-D1A9-4C19-8A4B-10FF09001A05}.Release|Any CPU.Build.0 = Release|Any CPU
	EndGlobalSection
	GlobalSection(SolutionProperties) = preSolution
		HideSolutionNode = FALSE
	EndGlobalSection
	GlobalSection(ExtensibilityGlobals) = postSolution
		SolutionGuid = {0ADA1B83-F190-4B8F-A161-E6CB949461D4}
	EndGlobalSection
EndGlobal
