
Microsoft Visual Studio Solution File, Format Version 12.00
# Visual Studio Version 17
VisualStudioVersion = 17.0.31903.59
MinimumVisualStudioVersion = 10.0.40219.1
Project("{9A19103F-16F7-4668-BE54-9A1E7A4F7556}") = "Common", "Common\Common.csproj", "{EC773E05-D1A9-4C19-8A4B-10FF09001A05}"
EndProject
Project("{9A19103F-16F7-4668-BE54-9A1E7A4F7556}") = "AnomalyHandlingService", "AnomalyHandlingService\AnomalyHandlingService.csproj", "{DD1C0415-E8C2-44DC-AAE1-B930E462A0EB}"
EndProject
Project("{9A19103F-16F7-4668-BE54-9A1E7A4F7556}") = "TelemetryService", "TelemetryService\TelemetryService.csproj", "{D4CBDB42-2A6B-496A-922D-AC5C52F5EE1B}"
EndProject
Project("{9A19103F-16F7-4668-BE54-9A1E7A4F7556}") = "DataInjectorSim", "DataInjectorSim\DataInjectorSim.csproj", "{B0C9B807-0AA2-47AF-B927-C1E085031183}"
EndProject
Global
	GlobalSection(SolutionConfigurationPlatforms) = preSolution
		Debug|Any CPU = Debug|Any CPU
		Release|Any CPU = Release|Any CPU
	EndGlobalSection
	GlobalSection(ProjectConfigurationPlatforms) = postSolution
		{EC773E05-D1A9-4C19-8A4B-10FF09001A05}.Debug|Any CPU.ActiveCfg = Debug|Any CPU
		{EC773E05-D1A9-4C19-8A4B-10FF09001A05}.Debug|Any CPU.Build.0 = Debug|Any CPU
		{EC773E05-D1A9-4C19-8A4B-10FF09001A05}.Release|Any CPU.ActiveCfg = Release|Any CPU
		{EC773E05-D1A9-4C19-8A4B-10FF09001A05}.Release|Any CPU.Build.0 = Release|Any CPU
		{DD1C0415-E8C2-44DC-AAE1-B930E462A0EB}.Debug|Any CPU.ActiveCfg = Debug|Any CPU
		{DD1C0415-E8C2-44DC-AAE1-B930E462A0EB}.Debug|Any CPU.Build.0 = Debug|Any CPU
		{DD1C0415-E8C2-44DC-AAE1-B930E462A0EB}.Release|Any CPU.ActiveCfg = Release|Any CPU
		{DD1C0415-E8C2-44DC-AAE1-B930E462A0EB}.Release|Any CPU.Build.0 = Release|Any CPU
		{D4CBDB42-2A6B-496A-922D-AC5C52F5EE1B}.Debug|Any CPU.ActiveCfg = Debug|Any CPU
		{D4CBDB42-2A6B-496A-922D-AC5C52F5EE1B}.Debug|Any CPU.Build.0 = Debug|Any CPU
		{D4CBDB42-2A6B-496A-922D-AC5C52F5EE1B}.Release|Any CPU.ActiveCfg = Release|Any CPU
		{D4CBDB42-2A6B-496A-922D-AC5C52F5EE1B}.Release|Any CPU.Build.0 = Release|Any CPU
		{B0C9B807-0AA2-47AF-B927-C1E085031183}.Debug|Any CPU.ActiveCfg = Debug|Any CPU
		{B0C9B807-0AA2-47AF-B927-C1E085031183}.Debug|Any CPU.Build.0 = Debug|Any CPU
		{B0C9B807-0AA2-47AF-B927-C1E085031183}.Release|Any CPU.ActiveCfg = Release|Any CPU
		{B0C9B807-0AA2-47AF-B927-C1E085031183}.Release|Any CPU.Build.0 = Release|Any CPU
	EndGlobalSection
	GlobalSection(SolutionProperties) = preSolution
		HideSolutionNode = FALSE
	EndGlobalSection
	GlobalSection(ExtensibilityGlobals) = postSolution
		SolutionGuid = {0ADA1B83-F190-4B8F-A161-E6CB949461D4}
	EndGlobalSection
EndGlobal
